// !$*UTF8*$!
{
	archiveVersion = 1;
	classes = {
	};
	objectVersion = 50;
	objects = {

/* Begin PBXBuildFile section */
		B6BDCD961711D6970F1EEFC2 /* Pods_YOLO_IOS.framework in Frameworks */ = {isa = PBXBuildFile; fileRef = 29F05AA5C6FD46EC8161E6BB /* Pods_YOLO_IOS.framework */; };
		FFA14ED32227D38100F043C1 /* AppDelegate.swift in Sources */ = {isa = PBXBuildFile; fileRef = FFA14ED22227D38100F043C1 /* AppDelegate.swift */; };
		FFA14ED52227D38100F043C1 /* ViewController.swift in Sources */ = {isa = PBXBuildFile; fileRef = FFA14ED42227D38100F043C1 /* ViewController.swift */; };
		FFA14ED82227D38100F043C1 /* Main.storyboard in Resources */ = {isa = PBXBuildFile; fileRef = FFA14ED62227D38100F043C1 /* Main.storyboard */; };
		FFA14EDA2227D38200F043C1 /* Assets.xcassets in Resources */ = {isa = PBXBuildFile; fileRef = FFA14ED92227D38200F043C1 /* Assets.xcassets */; };
		FFA14EDD2227D38200F043C1 /* LaunchScreen.storyboard in Resources */ = {isa = PBXBuildFile; fileRef = FFA14EDB2227D38200F043C1 /* LaunchScreen.storyboard */; };
		FFA14FEE2227D6C900F043C1 /* YoloTinyV1Classifier.mm in Sources */ = {isa = PBXBuildFile; fileRef = FFA14FEB2227D6C800F043C1 /* YoloTinyV1Classifier.mm */; };
		FFA14FEF2227D6C900F043C1 /* YoloV1Box.swift in Sources */ = {isa = PBXBuildFile; fileRef = FFA14FED2227D6C900F043C1 /* YoloV1Box.swift */; };
		FFA14FF12227DB5900F043C1 /* tf-tiny-yolo-voc-6c.pb in Resources */ = {isa = PBXBuildFile; fileRef = FFA14FF02227DB3C00F043C1 /* tf-tiny-yolo-voc-6c.pb */; };
/* End PBXBuildFile section */

/* Begin PBXFileReference section */
		29F05AA5C6FD46EC8161E6BB /* Pods_YOLO_IOS.framework */ = {isa = PBXFileReference; explicitFileType = wrapper.framework; includeInIndex = 0; path = Pods_YOLO_IOS.framework; sourceTree = BUILT_PRODUCTS_DIR; };
		9AF991FEB3D94C749966BAB1 /* Pods-YOLO-IOS.release.xcconfig */ = {isa = PBXFileReference; includeInIndex = 1; lastKnownFileType = text.xcconfig; name = "Pods-YOLO-IOS.release.xcconfig"; path = "Pods/Target Support Files/Pods-YOLO-IOS/Pods-YOLO-IOS.release.xcconfig"; sourceTree = "<group>"; };
		F88672F45C031C38613008C4 /* Pods-YOLO-IOS.debug.xcconfig */ = {isa = PBXFileReference; includeInIndex = 1; lastKnownFileType = text.xcconfig; name = "Pods-YOLO-IOS.debug.xcconfig"; path = "Pods/Target Support Files/Pods-YOLO-IOS/Pods-YOLO-IOS.debug.xcconfig"; sourceTree = "<group>"; };
		FFA14ECF2227D38100F043C1 /* YOLO-IOS.app */ = {isa = PBXFileReference; explicitFileType = wrapper.application; includeInIndex = 0; path = "YOLO-IOS.app"; sourceTree = BUILT_PRODUCTS_DIR; };
		FFA14ED22227D38100F043C1 /* AppDelegate.swift */ = {isa = PBXFileReference; lastKnownFileType = sourcecode.swift; path = AppDelegate.swift; sourceTree = "<group>"; };
		FFA14ED42227D38100F043C1 /* ViewController.swift */ = {isa = PBXFileReference; lastKnownFileType = sourcecode.swift; path = ViewController.swift; sourceTree = "<group>"; };
		FFA14ED72227D38100F043C1 /* Base */ = {isa = PBXFileReference; lastKnownFileType = file.storyboard; name = Base; path = Base.lproj/Main.storyboard; sourceTree = "<group>"; };
		FFA14ED92227D38200F043C1 /* Assets.xcassets */ = {isa = PBXFileReference; lastKnownFileType = folder.assetcatalog; path = Assets.xcassets; sourceTree = "<group>"; };
		FFA14EDC2227D38200F043C1 /* Base */ = {isa = PBXFileReference; lastKnownFileType = file.storyboard; name = Base; path = Base.lproj/LaunchScreen.storyboard; sourceTree = "<group>"; };
		FFA14EDE2227D38200F043C1 /* Info.plist */ = {isa = PBXFileReference; lastKnownFileType = text.plist.xml; path = Info.plist; sourceTree = "<group>"; };
		FFA14FEA2227D6C700F043C1 /* YOLO-IOS-Bridging-Header.h */ = {isa = PBXFileReference; lastKnownFileType = sourcecode.c.h; path = "YOLO-IOS-Bridging-Header.h"; sourceTree = "<group>"; };
		FFA14FEB2227D6C800F043C1 /* YoloTinyV1Classifier.mm */ = {isa = PBXFileReference; fileEncoding = 4; lastKnownFileType = sourcecode.cpp.objcpp; path = YoloTinyV1Classifier.mm; sourceTree = "<group>"; };
		FFA14FEC2227D6C800F043C1 /* YoloTinyV1Classifier.h */ = {isa = PBXFileReference; fileEncoding = 4; lastKnownFileType = sourcecode.c.h; path = YoloTinyV1Classifier.h; sourceTree = "<group>"; };
		FFA14FED2227D6C900F043C1 /* YoloV1Box.swift */ = {isa = PBXFileReference; fileEncoding = 4; lastKnownFileType = sourcecode.swift; path = YoloV1Box.swift; sourceTree = "<group>"; };
		FFA14FF02227DB3C00F043C1 /* tf-tiny-yolo-voc-6c.pb */ = {isa = PBXFileReference; lastKnownFileType = file; path = "tf-tiny-yolo-voc-6c.pb"; sourceTree = "<group>"; };
/* End PBXFileReference section */

/* Begin PBXFrameworksBuildPhase section */
		FFA14ECC2227D38100F043C1 /* Frameworks */ = {
			isa = PBXFrameworksBuildPhase;
			buildActionMask = 2147483647;
			files = (
				B6BDCD961711D6970F1EEFC2 /* Pods_YOLO_IOS.framework in Frameworks */,
			);
			runOnlyForDeploymentPostprocessing = 0;
		};
/* End PBXFrameworksBuildPhase section */

/* Begin PBXGroup section */
		3DF9B909C980F9A5545D955B /* Frameworks */ = {
			isa = PBXGroup;
			children = (
				29F05AA5C6FD46EC8161E6BB /* Pods_YOLO_IOS.framework */,
			);
			name = Frameworks;
			sourceTree = "<group>";
		};
		A634927FEA887327F6F9621F /* Pods */ = {
			isa = PBXGroup;
			children = (
				F88672F45C031C38613008C4 /* Pods-YOLO-IOS.debug.xcconfig */,
				9AF991FEB3D94C749966BAB1 /* Pods-YOLO-IOS.release.xcconfig */,
			);
			name = Pods;
			sourceTree = "<group>";
		};
		FFA14EC62227D38100F043C1 = {
			isa = PBXGroup;
			children = (
				FFA14ED12227D38100F043C1 /* YOLO-IOS */,
				FFA14ED02227D38100F043C1 /* Products */,
				A634927FEA887327F6F9621F /* Pods */,
				3DF9B909C980F9A5545D955B /* Frameworks */,
			);
			sourceTree = "<group>";
		};
		FFA14ED02227D38100F043C1 /* Products */ = {
			isa = PBXGroup;
			children = (
				FFA14ECF2227D38100F043C1 /* YOLO-IOS.app */,
			);
			name = Products;
			sourceTree = "<group>";
		};
		FFA14ED12227D38100F043C1 /* YOLO-IOS */ = {
			isa = PBXGroup;
			children = (
				FFA14FF02227DB3C00F043C1 /* tf-tiny-yolo-voc-6c.pb */,
				FFA14FEC2227D6C800F043C1 /* YoloTinyV1Classifier.h */,
				FFA14FEB2227D6C800F043C1 /* YoloTinyV1Classifier.mm */,
				FFA14FED2227D6C900F043C1 /* YoloV1Box.swift */,
				FFA14ED22227D38100F043C1 /* AppDelegate.swift */,
				FFA14ED42227D38100F043C1 /* ViewController.swift */,
				FFA14ED62227D38100F043C1 /* Main.storyboard */,
				FFA14ED92227D38200F043C1 /* Assets.xcassets */,
				FFA14EDB2227D38200F043C1 /* LaunchScreen.storyboard */,
				FFA14EDE2227D38200F043C1 /* Info.plist */,
				FFA14FEA2227D6C700F043C1 /* YOLO-IOS-Bridging-Header.h */,
			);
			path = "YOLO-IOS";
			sourceTree = "<group>";
		};
/* End PBXGroup section */

/* Begin PBXNativeTarget section */
		FFA14ECE2227D38100F043C1 /* YOLO-IOS */ = {
			isa = PBXNativeTarget;
			buildConfigurationList = FFA14EE12227D38200F043C1 /* Build configuration list for PBXNativeTarget "YOLO-IOS" */;
			buildPhases = (
				5E3F523E67DCCAF4AE7CF3B5 /* [CP] Check Pods Manifest.lock */,
				FFA14ECB2227D38100F043C1 /* Sources */,
				FFA14ECC2227D38100F043C1 /* Frameworks */,
				FFA14ECD2227D38100F043C1 /* Resources */,
				8ED384D4A532B0BFF1571550 /* [CP] Embed Pods Frameworks */,
			);
			buildRules = (
			);
			dependencies = (
			);
			name = "YOLO-IOS";
			productName = "YOLO-IOS";
			productReference = FFA14ECF2227D38100F043C1 /* YOLO-IOS.app */;
			productType = "com.apple.product-type.application";
		};
/* End PBXNativeTarget section */

/* Begin PBXProject section */
		FFA14EC72227D38100F043C1 /* Project object */ = {
			isa = PBXProject;
			attributes = {
				LastSwiftUpdateCheck = 1010;
				LastUpgradeCheck = 1010;
				ORGANIZATIONNAME = "DT Dat";
				TargetAttributes = {
					FFA14ECE2227D38100F043C1 = {
						CreatedOnToolsVersion = 10.1;
						LastSwiftMigration = 1010;
					};
				};
			};
			buildConfigurationList = FFA14ECA2227D38100F043C1 /* Build configuration list for PBXProject "YOLO-IOS" */;
			compatibilityVersion = "Xcode 9.3";
			developmentRegion = en;
			hasScannedForEncodings = 0;
			knownRegions = (
				en,
				Base,
			);
			mainGroup = FFA14EC62227D38100F043C1;
			productRefGroup = FFA14ED02227D38100F043C1 /* Products */;
			projectDirPath = "";
			projectRoot = "";
			targets = (
				FFA14ECE2227D38100F043C1 /* YOLO-IOS */,
			);
		};
/* End PBXProject section */

/* Begin PBXResourcesBuildPhase section */
		FFA14ECD2227D38100F043C1 /* Resources */ = {
			isa = PBXResourcesBuildPhase;
			buildActionMask = 2147483647;
			files = (
				FFA14FF12227DB5900F043C1 /* tf-tiny-yolo-voc-6c.pb in Resources */,
				FFA14EDD2227D38200F043C1 /* LaunchScreen.storyboard in Resources */,
				FFA14EDA2227D38200F043C1 /* Assets.xcassets in Resources */,
				FFA14ED82227D38100F043C1 /* Main.storyboard in Resources */,
			);
			runOnlyForDeploymentPostprocessing = 0;
		};
/* End PBXResourcesBuildPhase section */

/* Begin PBXShellScriptBuildPhase section */
		5E3F523E67DCCAF4AE7CF3B5 /* [CP] Check Pods Manifest.lock */ = {
			isa = PBXShellScriptBuildPhase;
			buildActionMask = 2147483647;
			files = (
			);
			inputFileListPaths = (
			);
			inputPaths = (
				"${PODS_PODFILE_DIR_PATH}/Podfile.lock",
				"${PODS_ROOT}/Manifest.lock",
			);
			name = "[CP] Check Pods Manifest.lock";
			outputFileListPaths = (
			);
			outputPaths = (
				"$(DERIVED_FILE_DIR)/Pods-YOLO-IOS-checkManifestLockResult.txt",
			);
			runOnlyForDeploymentPostprocessing = 0;
			shellPath = /bin/sh;
			shellScript = "diff \"${PODS_PODFILE_DIR_PATH}/Podfile.lock\" \"${PODS_ROOT}/Manifest.lock\" > /dev/null\nif [ $? != 0 ] ; then\n    # print error to STDERR\n    echo \"error: The sandbox is not in sync with the Podfile.lock. Run 'pod install' or update your CocoaPods installation.\" >&2\n    exit 1\nfi\n# This output is used by Xcode 'outputs' to avoid re-running this script phase.\necho \"SUCCESS\" > \"${SCRIPT_OUTPUT_FILE_0}\"\n";
			showEnvVarsInLog = 0;
		};
		8ED384D4A532B0BFF1571550 /* [CP] Embed Pods Frameworks */ = {
			isa = PBXShellScriptBuildPhase;
			buildActionMask = 2147483647;
			files = (
			);
			inputFileListPaths = (
			);
			inputPaths = (
				"${SRCROOT}/Pods/Target Support Files/Pods-YOLO-IOS/Pods-YOLO-IOS-frameworks.sh",
				"${BUILT_PRODUCTS_DIR}/OpenCV/opencv2.framework",
			);
			name = "[CP] Embed Pods Frameworks";
			outputFileListPaths = (
			);
			outputPaths = (
				"${TARGET_BUILD_DIR}/${FRAMEWORKS_FOLDER_PATH}/opencv2.framework",
			);
			runOnlyForDeploymentPostprocessing = 0;
			shellPath = /bin/sh;
			shellScript = "\"${SRCROOT}/Pods/Target Support Files/Pods-YOLO-IOS/Pods-YOLO-IOS-frameworks.sh\"\n";
			showEnvVarsInLog = 0;
		};
/* End PBXShellScriptBuildPhase section */

/* Begin PBXSourcesBuildPhase section */
		FFA14ECB2227D38100F043C1 /* Sources */ = {
			isa = PBXSourcesBuildPhase;
			buildActionMask = 2147483647;
			files = (
				FFA14FEE2227D6C900F043C1 /* YoloTinyV1Classifier.mm in Sources */,
				FFA14FEF2227D6C900F043C1 /* YoloV1Box.swift in Sources */,
				FFA14ED52227D38100F043C1 /* ViewController.swift in Sources */,
				FFA14ED32227D38100F043C1 /* AppDelegate.swift in Sources */,
			);
			runOnlyForDeploymentPostprocessing = 0;
		};
/* End PBXSourcesBuildPhase section */

/* Begin PBXVariantGroup section */
		FFA14ED62227D38100F043C1 /* Main.storyboard */ = {
			isa = PBXVariantGroup;
			children = (
				FFA14ED72227D38100F043C1 /* Base */,
			);
			name = Main.storyboard;
			sourceTree = "<group>";
		};
		FFA14EDB2227D38200F043C1 /* LaunchScreen.storyboard */ = {
			isa = PBXVariantGroup;
			children = (
				FFA14EDC2227D38200F043C1 /* Base */,
			);
			name = LaunchScreen.storyboard;
			sourceTree = "<group>";
		};
/* End PBXVariantGroup section */

/* Begin XCBuildConfiguration section */
		FFA14EDF2227D38200F043C1 /* Debug */ = {
			isa = XCBuildConfiguration;
			buildSettings = {
				ALWAYS_SEARCH_USER_PATHS = NO;
				CLANG_ANALYZER_NONNULL = YES;
				CLANG_ANALYZER_NUMBER_OBJECT_CONVERSION = YES_AGGRESSIVE;
				CLANG_CXX_LANGUAGE_STANDARD = "gnu++14";
				CLANG_CXX_LIBRARY = "libc++";
				CLANG_ENABLE_MODULES = YES;
				CLANG_ENABLE_OBJC_ARC = YES;
				CLANG_ENABLE_OBJC_WEAK = YES;
				CLANG_WARN_BLOCK_CAPTURE_AUTORELEASING = YES;
				CLANG_WARN_BOOL_CONVERSION = YES;
				CLANG_WARN_COMMA = YES;
				CLANG_WARN_CONSTANT_CONVERSION = YES;
				CLANG_WARN_DEPRECATED_OBJC_IMPLEMENTATIONS = YES;
				CLANG_WARN_DIRECT_OBJC_ISA_USAGE = YES_ERROR;
				CLANG_WARN_DOCUMENTATION_COMMENTS = YES;
				CLANG_WARN_EMPTY_BODY = YES;
				CLANG_WARN_ENUM_CONVERSION = YES;
				CLANG_WARN_INFINITE_RECURSION = YES;
				CLANG_WARN_INT_CONVERSION = YES;
				CLANG_WARN_NON_LITERAL_NULL_CONVERSION = YES;
				CLANG_WARN_OBJC_IMPLICIT_RETAIN_SELF = YES;
				CLANG_WARN_OBJC_LITERAL_CONVERSION = YES;
				CLANG_WARN_OBJC_ROOT_CLASS = YES_ERROR;
				CLANG_WARN_RANGE_LOOP_ANALYSIS = YES;
				CLANG_WARN_STRICT_PROTOTYPES = YES;
				CLANG_WARN_SUSPICIOUS_MOVE = YES;
				CLANG_WARN_UNGUARDED_AVAILABILITY = YES_AGGRESSIVE;
				CLANG_WARN_UNREACHABLE_CODE = YES;
				CLANG_WARN__DUPLICATE_METHOD_MATCH = YES;
				CODE_SIGN_IDENTITY = "iPhone Developer";
				COPY_PHASE_STRIP = NO;
				DEBUG_INFORMATION_FORMAT = dwarf;
				ENABLE_STRICT_OBJC_MSGSEND = YES;
				ENABLE_TESTABILITY = YES;
				GCC_C_LANGUAGE_STANDARD = gnu11;
				GCC_DYNAMIC_NO_PIC = NO;
				GCC_NO_COMMON_BLOCKS = YES;
				GCC_OPTIMIZATION_LEVEL = 0;
				GCC_PREPROCESSOR_DEFINITIONS = (
					"DEBUG=1",
					"$(inherited)",
				);
				GCC_WARN_64_TO_32_BIT_CONVERSION = YES;
				GCC_WARN_ABOUT_RETURN_TYPE = YES_ERROR;
				GCC_WARN_UNDECLARED_SELECTOR = YES;
				GCC_WARN_UNINITIALIZED_AUTOS = YES_AGGRESSIVE;
				GCC_WARN_UNUSED_FUNCTION = YES;
				GCC_WARN_UNUSED_VARIABLE = YES;
				IPHONEOS_DEPLOYMENT_TARGET = 12.1;
				MTL_ENABLE_DEBUG_INFO = INCLUDE_SOURCE;
				MTL_FAST_MATH = YES;
				ONLY_ACTIVE_ARCH = YES;
				SDKROOT = iphoneos;
				SWIFT_ACTIVE_COMPILATION_CONDITIONS = DEBUG;
				SWIFT_OPTIMIZATION_LEVEL = "-Onone";
			};
			name = Debug;
		};
		FFA14EE02227D38200F043C1 /* Release */ = {
			isa = XCBuildConfiguration;
			buildSettings = {
				ALWAYS_SEARCH_USER_PATHS = NO;
				CLANG_ANALYZER_NONNULL = YES;
				CLANG_ANALYZER_NUMBER_OBJECT_CONVERSION = YES_AGGRESSIVE;
				CLANG_CXX_LANGUAGE_STANDARD = "gnu++14";
				CLANG_CXX_LIBRARY = "libc++";
				CLANG_ENABLE_MODULES = YES;
				CLANG_ENABLE_OBJC_ARC = YES;
				CLANG_ENABLE_OBJC_WEAK = YES;
				CLANG_WARN_BLOCK_CAPTURE_AUTORELEASING = YES;
				CLANG_WARN_BOOL_CONVERSION = YES;
				CLANG_WARN_COMMA = YES;
				CLANG_WARN_CONSTANT_CONVERSION = YES;
				CLANG_WARN_DEPRECATED_OBJC_IMPLEMENTATIONS = YES;
				CLANG_WARN_DIRECT_OBJC_ISA_USAGE = YES_ERROR;
				CLANG_WARN_DOCUMENTATION_COMMENTS = YES;
				CLANG_WARN_EMPTY_BODY = YES;
				CLANG_WARN_ENUM_CONVERSION = YES;
				CLANG_WARN_INFINITE_RECURSION = YES;
				CLANG_WARN_INT_CONVERSION = YES;
				CLANG_WARN_NON_LITERAL_NULL_CONVERSION = YES;
				CLANG_WARN_OBJC_IMPLICIT_RETAIN_SELF = YES;
				CLANG_WARN_OBJC_LITERAL_CONVERSION = YES;
				CLANG_WARN_OBJC_ROOT_CLASS = YES_ERROR;
				CLANG_WARN_RANGE_LOOP_ANALYSIS = YES;
				CLANG_WARN_STRICT_PROTOTYPES = YES;
				CLANG_WARN_SUSPICIOUS_MOVE = YES;
				CLANG_WARN_UNGUARDED_AVAILABILITY = YES_AGGRESSIVE;
				CLANG_WARN_UNREACHABLE_CODE = YES;
				CLANG_WARN__DUPLICATE_METHOD_MATCH = YES;
				CODE_SIGN_IDENTITY = "iPhone Developer";
				COPY_PHASE_STRIP = NO;
				DEBUG_INFORMATION_FORMAT = "dwarf-with-dsym";
				ENABLE_NS_ASSERTIONS = NO;
				ENABLE_STRICT_OBJC_MSGSEND = YES;
				GCC_C_LANGUAGE_STANDARD = gnu11;
				GCC_NO_COMMON_BLOCKS = YES;
				GCC_WARN_64_TO_32_BIT_CONVERSION = YES;
				GCC_WARN_ABOUT_RETURN_TYPE = YES_ERROR;
				GCC_WARN_UNDECLARED_SELECTOR = YES;
				GCC_WARN_UNINITIALIZED_AUTOS = YES_AGGRESSIVE;
				GCC_WARN_UNUSED_FUNCTION = YES;
				GCC_WARN_UNUSED_VARIABLE = YES;
				IPHONEOS_DEPLOYMENT_TARGET = 12.1;
				MTL_ENABLE_DEBUG_INFO = NO;
				MTL_FAST_MATH = YES;
				SDKROOT = iphoneos;
				SWIFT_COMPILATION_MODE = wholemodule;
				SWIFT_OPTIMIZATION_LEVEL = "-O";
				VALIDATE_PRODUCT = YES;
			};
			name = Release;
		};
		FFA14EE22227D38200F043C1 /* Debug */ = {
			isa = XCBuildConfiguration;
			baseConfigurationReference = F88672F45C031C38613008C4 /* Pods-YOLO-IOS.debug.xcconfig */;
			buildSettings = {
				ASSETCATALOG_COMPILER_APPICON_NAME = AppIcon;
				CLANG_ENABLE_MODULES = YES;
				CODE_SIGN_STYLE = Automatic;
				DEVELOPMENT_TEAM = 954C489898;
				INFOPLIST_FILE = "YOLO-IOS/Info.plist";
				LD_RUNPATH_SEARCH_PATHS = (
					"$(inherited)",
					"@executable_path/Frameworks",
				);
				PRODUCT_BUNDLE_IDENTIFIER = "moress.YOLO-IOS";
				PRODUCT_NAME = "$(TARGET_NAME)";
				SWIFT_OBJC_BRIDGING_HEADER = "YOLO-IOS/YOLO-IOS-Bridging-Header.h";
				SWIFT_OPTIMIZATION_LEVEL = "-Onone";
				SWIFT_VERSION = 4.2;
				TARGETED_DEVICE_FAMILY = "1,2";
			};
			name = Debug;
		};
		FFA14EE32227D38200F043C1 /* Release */ = {
			isa = XCBuildConfiguration;
			baseConfigurationReference = 9AF991FEB3D94C749966BAB1 /* Pods-YOLO-IOS.release.xcconfig */;
			buildSettings = {
				ASSETCATALOG_COMPILER_APPICON_NAME = AppIcon;
				CLANG_ENABLE_MODULES = YES;
				CODE_SIGN_STYLE = Automatic;
				DEVELOPMENT_TEAM = 954C489898;
				INFOPLIST_FILE = "YOLO-IOS/Info.plist";
				LD_RUNPATH_SEARCH_PATHS = (
					"$(inherited)",
					"@executable_path/Frameworks",
				);
				PRODUCT_BUNDLE_IDENTIFIER = "moress.YOLO-IOS";
				PRODUCT_NAME = "$(TARGET_NAME)";
				SWIFT_OBJC_BRIDGING_HEADER = "YOLO-IOS/YOLO-IOS-Bridging-Header.h";
				SWIFT_VERSION = 4.2;
				TARGETED_DEVICE_FAMILY = "1,2";
			};
			name = Release;
		};
/* End XCBuildConfiguration section */

/* Begin XCConfigurationList section */
		FFA14ECA2227D38100F043C1 /* Build configuration list for PBXProject "YOLO-IOS" */ = {
			isa = XCConfigurationList;
			buildConfigurations = (
				FFA14EDF2227D38200F043C1 /* Debug */,
				FFA14EE02227D38200F043C1 /* Release */,
			);
			defaultConfigurationIsVisible = 0;
			defaultConfigurationName = Release;
		};
		FFA14EE12227D38200F043C1 /* Build configuration list for PBXNativeTarget "YOLO-IOS" */ = {
			isa = XCConfigurationList;
			buildConfigurations = (
				FFA14EE22227D38200F043C1 /* Debug */,
				FFA14EE32227D38200F043C1 /* Release */,
			);
			defaultConfigurationIsVisible = 0;
			defaultConfigurationName = Release;
		};
/* End XCConfigurationList section */
	};
	rootObject = FFA14EC72227D38100F043C1 /* Project object */;
}
